// !$*UTF8*$!
{
	archiveVersion = 1;
	classes = {
	};
	objectVersion = 50;
	objects = {

/* Begin PBXBuildFile section */
		7DEF75C023F0AA7E00584EFC /* AppDelegate.swift in Sources */ = {isa = PBXBuildFile; fileRef = 7DEF75BF23F0AA7E00584EFC /* AppDelegate.swift */; };
		7DEF75C223F0AA7E00584EFC /* SceneDelegate.swift in Sources */ = {isa = PBXBuildFile; fileRef = 7DEF75C123F0AA7E00584EFC /* SceneDelegate.swift */; };
		7DEF75C723F0AA7F00584EFC /* Main.storyboard in Resources */ = {isa = PBXBuildFile; fileRef = 7DEF75C523F0AA7F00584EFC /* Main.storyboard */; };
		7DEF75C923F0AA8100584EFC /* Assets.xcassets in Resources */ = {isa = PBXBuildFile; fileRef = 7DEF75C823F0AA8100584EFC /* Assets.xcassets */; };
		7DEF75CC23F0AA8100584EFC /* LaunchScreen.storyboard in Resources */ = {isa = PBXBuildFile; fileRef = 7DEF75CA23F0AA8100584EFC /* LaunchScreen.storyboard */; };
		7DEF75D823F0AE1800584EFC /* Assembler.swift in Sources */ = {isa = PBXBuildFile; fileRef = 7DEF75D723F0AE1800584EFC /* Assembler.swift */; };
		7DEF75DB23F0AF9800584EFC /* Router.swift in Sources */ = {isa = PBXBuildFile; fileRef = 7DEF75DA23F0AF9800584EFC /* Router.swift */; };
		7DEF75DD23F0B10E00584EFC /* DataModel.swift in Sources */ = {isa = PBXBuildFile; fileRef = 7DEF75DC23F0B10E00584EFC /* DataModel.swift */; };
		7DEF75DF23F0B5B100584EFC /* FirstPresenter.swift in Sources */ = {isa = PBXBuildFile; fileRef = 7DEF75DE23F0B5B100584EFC /* FirstPresenter.swift */; };
		7DEF75E123F0C05800584EFC /* MainPresenter.swift in Sources */ = {isa = PBXBuildFile; fileRef = 7DEF75E023F0C05800584EFC /* MainPresenter.swift */; };
		7DEF75E423F0C25100584EFC /* MainViewController.swift in Sources */ = {isa = PBXBuildFile; fileRef = 7DEF75E223F0C25100584EFC /* MainViewController.swift */; };
		7DEF75E523F0C25100584EFC /* MainViewController.xib in Resources */ = {isa = PBXBuildFile; fileRef = 7DEF75E323F0C25100584EFC /* MainViewController.xib */; };
		7DEF75EA23F1E44900584EFC /* UIView.swift in Sources */ = {isa = PBXBuildFile; fileRef = 7DEF75E923F1E44900584EFC /* UIView.swift */; };
		7DEF75EF23F2065D00584EFC /* FirstViewController.swift in Sources */ = {isa = PBXBuildFile; fileRef = 7DEF75ED23F2065D00584EFC /* FirstViewController.swift */; };
		7DEF75F023F2065D00584EFC /* FirstViewController.xib in Resources */ = {isa = PBXBuildFile; fileRef = 7DEF75EE23F2065D00584EFC /* FirstViewController.xib */; };
		7DEF75F323F2128C00584EFC /* SliderTVC.swift in Sources */ = {isa = PBXBuildFile; fileRef = 7DEF75F123F2128C00584EFC /* SliderTVC.swift */; };
		7DEF75F423F2128C00584EFC /* SliderTVC.xib in Resources */ = {isa = PBXBuildFile; fileRef = 7DEF75F223F2128C00584EFC /* SliderTVC.xib */; };
		7DEF75F623F2B60A00584EFC /* MappedData.swift in Sources */ = {isa = PBXBuildFile; fileRef = 7DEF75F523F2B60A00584EFC /* MappedData.swift */; };
		7DEF75FB23F3117100584EFC /* String.swift in Sources */ = {isa = PBXBuildFile; fileRef = 7DEF75FA23F3117100584EFC /* String.swift */; };
		7DEF75FD23F312D900584EFC /* Globals.swift in Sources */ = {isa = PBXBuildFile; fileRef = 7DEF75FC23F312D900584EFC /* Globals.swift */; };
		7DEF75FF23F3306000584EFC /* SliderHandler.swift in Sources */ = {isa = PBXBuildFile; fileRef = 7DEF75FE23F3306000584EFC /* SliderHandler.swift */; };
		7DEF760123F41CFF00584EFC /* UIColor.swift in Sources */ = {isa = PBXBuildFile; fileRef = 7DEF760023F41CFF00584EFC /* UIColor.swift */; };
		7DEF760323F4290800584EFC /* DataConfig.swift in Sources */ = {isa = PBXBuildFile; fileRef = 7DEF760223F4290800584EFC /* DataConfig.swift */; };
		7DEF760523F4507700584EFC /* UIViewController.swift in Sources */ = {isa = PBXBuildFile; fileRef = 7DEF760423F4507700584EFC /* UIViewController.swift */; };
/* End PBXBuildFile section */

/* Begin PBXFileReference section */
		7DEF75BC23F0AA7E00584EFC /* IceCreamTest.app */ = {isa = PBXFileReference; explicitFileType = wrapper.application; includeInIndex = 0; path = IceCreamTest.app; sourceTree = BUILT_PRODUCTS_DIR; };
		7DEF75BF23F0AA7E00584EFC /* AppDelegate.swift */ = {isa = PBXFileReference; lastKnownFileType = sourcecode.swift; path = AppDelegate.swift; sourceTree = "<group>"; };
		7DEF75C123F0AA7E00584EFC /* SceneDelegate.swift */ = {isa = PBXFileReference; lastKnownFileType = sourcecode.swift; path = SceneDelegate.swift; sourceTree = "<group>"; };
		7DEF75C623F0AA7F00584EFC /* Base */ = {isa = PBXFileReference; lastKnownFileType = file.storyboard; name = Base; path = Base.lproj/Main.storyboard; sourceTree = "<group>"; };
		7DEF75C823F0AA8100584EFC /* Assets.xcassets */ = {isa = PBXFileReference; lastKnownFileType = folder.assetcatalog; path = Assets.xcassets; sourceTree = "<group>"; };
		7DEF75CB23F0AA8100584EFC /* Base */ = {isa = PBXFileReference; lastKnownFileType = file.storyboard; name = Base; path = Base.lproj/LaunchScreen.storyboard; sourceTree = "<group>"; };
		7DEF75CD23F0AA8100584EFC /* Info.plist */ = {isa = PBXFileReference; lastKnownFileType = text.plist.xml; path = Info.plist; sourceTree = "<group>"; };
		7DEF75D723F0AE1800584EFC /* Assembler.swift */ = {isa = PBXFileReference; lastKnownFileType = sourcecode.swift; path = Assembler.swift; sourceTree = "<group>"; };
		7DEF75DA23F0AF9800584EFC /* Router.swift */ = {isa = PBXFileReference; lastKnownFileType = sourcecode.swift; path = Router.swift; sourceTree = "<group>"; };
		7DEF75DC23F0B10E00584EFC /* DataModel.swift */ = {isa = PBXFileReference; lastKnownFileType = sourcecode.swift; path = DataModel.swift; sourceTree = "<group>"; };
		7DEF75DE23F0B5B100584EFC /* FirstPresenter.swift */ = {isa = PBXFileReference; lastKnownFileType = sourcecode.swift; path = FirstPresenter.swift; sourceTree = "<group>"; };
		7DEF75E023F0C05800584EFC /* MainPresenter.swift */ = {isa = PBXFileReference; lastKnownFileType = sourcecode.swift; path = MainPresenter.swift; sourceTree = "<group>"; };
		7DEF75E223F0C25100584EFC /* MainViewController.swift */ = {isa = PBXFileReference; lastKnownFileType = sourcecode.swift; path = MainViewController.swift; sourceTree = "<group>"; };
		7DEF75E323F0C25100584EFC /* MainViewController.xib */ = {isa = PBXFileReference; lastKnownFileType = file.xib; path = MainViewController.xib; sourceTree = "<group>"; };
		7DEF75E923F1E44900584EFC /* UIView.swift */ = {isa = PBXFileReference; lastKnownFileType = sourcecode.swift; path = UIView.swift; sourceTree = "<group>"; };
		7DEF75ED23F2065D00584EFC /* FirstViewController.swift */ = {isa = PBXFileReference; lastKnownFileType = sourcecode.swift; path = FirstViewController.swift; sourceTree = "<group>"; };
		7DEF75EE23F2065D00584EFC /* FirstViewController.xib */ = {isa = PBXFileReference; lastKnownFileType = file.xib; path = FirstViewController.xib; sourceTree = "<group>"; };
		7DEF75F123F2128C00584EFC /* SliderTVC.swift */ = {isa = PBXFileReference; lastKnownFileType = sourcecode.swift; path = SliderTVC.swift; sourceTree = "<group>"; };
		7DEF75F223F2128C00584EFC /* SliderTVC.xib */ = {isa = PBXFileReference; lastKnownFileType = file.xib; path = SliderTVC.xib; sourceTree = "<group>"; };
		7DEF75F523F2B60A00584EFC /* MappedData.swift */ = {isa = PBXFileReference; lastKnownFileType = sourcecode.swift; path = MappedData.swift; sourceTree = "<group>"; };
		7DEF75FA23F3117100584EFC /* String.swift */ = {isa = PBXFileReference; lastKnownFileType = sourcecode.swift; path = String.swift; sourceTree = "<group>"; };
		7DEF75FC23F312D900584EFC /* Globals.swift */ = {isa = PBXFileReference; lastKnownFileType = sourcecode.swift; path = Globals.swift; sourceTree = "<group>"; };
		7DEF75FE23F3306000584EFC /* SliderHandler.swift */ = {isa = PBXFileReference; fileEncoding = 4; lastKnownFileType = sourcecode.swift; path = SliderHandler.swift; sourceTree = "<group>"; };
		7DEF760023F41CFF00584EFC /* UIColor.swift */ = {isa = PBXFileReference; lastKnownFileType = sourcecode.swift; path = UIColor.swift; sourceTree = "<group>"; };
		7DEF760223F4290800584EFC /* DataConfig.swift */ = {isa = PBXFileReference; lastKnownFileType = sourcecode.swift; path = DataConfig.swift; sourceTree = "<group>"; };
		7DEF760423F4507700584EFC /* UIViewController.swift */ = {isa = PBXFileReference; lastKnownFileType = sourcecode.swift; path = UIViewController.swift; sourceTree = "<group>"; };
/* End PBXFileReference section */

/* Begin PBXFrameworksBuildPhase section */
		7DEF75B923F0AA7E00584EFC /* Frameworks */ = {
			isa = PBXFrameworksBuildPhase;
			buildActionMask = 2147483647;
			files = (
			);
			runOnlyForDeploymentPostprocessing = 0;
		};
/* End PBXFrameworksBuildPhase section */

/* Begin PBXGroup section */
		7DEF75B323F0AA7E00584EFC = {
			isa = PBXGroup;
			children = (
				7DEF75BE23F0AA7E00584EFC /* IceCreamTest */,
				7DEF75BD23F0AA7E00584EFC /* Products */,
			);
			sourceTree = "<group>";
		};
		7DEF75BD23F0AA7E00584EFC /* Products */ = {
			isa = PBXGroup;
			children = (
				7DEF75BC23F0AA7E00584EFC /* IceCreamTest.app */,
			);
			name = Products;
			sourceTree = "<group>";
		};
		7DEF75BE23F0AA7E00584EFC /* IceCreamTest */ = {
			isa = PBXGroup;
			children = (
				7DEF75F723F30AB000584EFC /* Utils */,
				7DEF75E823F1E43A00584EFC /* Extensions */,
				7DEF75CD23F0AA8100584EFC /* Info.plist */,
				7DEF75BF23F0AA7E00584EFC /* AppDelegate.swift */,
				7DEF75C123F0AA7E00584EFC /* SceneDelegate.swift */,
				7DEF75C823F0AA8100584EFC /* Assets.xcassets */,
				7DEF75D623F0ADD900584EFC /* Assembler */,
				7DEF75CA23F0AA8100584EFC /* LaunchScreen.storyboard */,
				7DEF75C523F0AA7F00584EFC /* Main.storyboard */,
				7DEF75D323F0AB4300584EFC /* Model */,
				7DEF75D423F0AB5100584EFC /* Presenter */,
				7DEF75D923F0AF8800584EFC /* Router */,
				7DEF75D523F0AB5C00584EFC /* View */,
			);
			path = IceCreamTest;
			sourceTree = "<group>";
		};
		7DEF75D323F0AB4300584EFC /* Model */ = {
			isa = PBXGroup;
			children = (
				7DEF75DC23F0B10E00584EFC /* DataModel.swift */,
				7DEF75F523F2B60A00584EFC /* MappedData.swift */,
				7DEF760223F4290800584EFC /* DataConfig.swift */,
			);
			path = Model;
			sourceTree = "<group>";
		};
		7DEF75D423F0AB5100584EFC /* Presenter */ = {
			isa = PBXGroup;
			children = (
				7DEF75DE23F0B5B100584EFC /* FirstPresenter.swift */,
				7DEF75E023F0C05800584EFC /* MainPresenter.swift */,
			);
			path = Presenter;
			sourceTree = "<group>";
		};
		7DEF75D523F0AB5C00584EFC /* View */ = {
			isa = PBXGroup;
			children = (
				7DEF75E223F0C25100584EFC /* MainViewController.swift */,
				7DEF75E323F0C25100584EFC /* MainViewController.xib */,
				7DEF75ED23F2065D00584EFC /* FirstViewController.swift */,
				7DEF75EE23F2065D00584EFC /* FirstViewController.xib */,
				7DEF75F123F2128C00584EFC /* SliderTVC.swift */,
				7DEF75F223F2128C00584EFC /* SliderTVC.xib */,
			);
			path = View;
			sourceTree = "<group>";
		};
		7DEF75D623F0ADD900584EFC /* Assembler */ = {
			isa = PBXGroup;
			children = (
				7DEF75D723F0AE1800584EFC /* Assembler.swift */,
			);
			path = Assembler;
			sourceTree = "<group>";
		};
		7DEF75D923F0AF8800584EFC /* Router */ = {
			isa = PBXGroup;
			children = (
				7DEF75DA23F0AF9800584EFC /* Router.swift */,
			);
			path = Router;
			sourceTree = "<group>";
		};
		7DEF75E823F1E43A00584EFC /* Extensions */ = {
			isa = PBXGroup;
			children = (
				7DEF75E923F1E44900584EFC /* UIView.swift */,
				7DEF75FA23F3117100584EFC /* String.swift */,
				7DEF760023F41CFF00584EFC /* UIColor.swift */,
				7DEF760423F4507700584EFC /* UIViewController.swift */,
			);
			path = Extensions;
			sourceTree = "<group>";
		};
		7DEF75F723F30AB000584EFC /* Utils */ = {
			isa = PBXGroup;
			children = (
				7DEF75FE23F3306000584EFC /* SliderHandler.swift */,
				7DEF75FC23F312D900584EFC /* Globals.swift */,
			);
			path = Utils;
			sourceTree = "<group>";
		};
/* End PBXGroup section */

/* Begin PBXNativeTarget section */
		7DEF75BB23F0AA7E00584EFC /* IceCreamTest */ = {
			isa = PBXNativeTarget;
			buildConfigurationList = 7DEF75D023F0AA8100584EFC /* Build configuration list for PBXNativeTarget "IceCreamTest" */;
			buildPhases = (
				7DEF75B823F0AA7E00584EFC /* Sources */,
				7DEF75B923F0AA7E00584EFC /* Frameworks */,
				7DEF75BA23F0AA7E00584EFC /* Resources */,
			);
			buildRules = (
			);
			dependencies = (
			);
			name = IceCreamTest;
			productName = IceCreamTest;
			productReference = 7DEF75BC23F0AA7E00584EFC /* IceCreamTest.app */;
			productType = "com.apple.product-type.application";
		};
/* End PBXNativeTarget section */

/* Begin PBXProject section */
		7DEF75B423F0AA7E00584EFC /* Project object */ = {
			isa = PBXProject;
			attributes = {
				LastSwiftUpdateCheck = 1120;
				LastUpgradeCheck = 1120;
				ORGANIZATIONNAME = "Artem Kuprijanets";
				TargetAttributes = {
					7DEF75BB23F0AA7E00584EFC = {
						CreatedOnToolsVersion = 11.2.1;
					};
				};
			};
			buildConfigurationList = 7DEF75B723F0AA7E00584EFC /* Build configuration list for PBXProject "IceCreamTest" */;
			compatibilityVersion = "Xcode 9.3";
			developmentRegion = en;
			hasScannedForEncodings = 0;
			knownRegions = (
				en,
				Base,
			);
			mainGroup = 7DEF75B323F0AA7E00584EFC;
			productRefGroup = 7DEF75BD23F0AA7E00584EFC /* Products */;
			projectDirPath = "";
			projectRoot = "";
			targets = (
				7DEF75BB23F0AA7E00584EFC /* IceCreamTest */,
			);
		};
/* End PBXProject section */

/* Begin PBXResourcesBuildPhase section */
		7DEF75BA23F0AA7E00584EFC /* Resources */ = {
			isa = PBXResourcesBuildPhase;
			buildActionMask = 2147483647;
			files = (
				7DEF75CC23F0AA8100584EFC /* LaunchScreen.storyboard in Resources */,
				7DEF75F023F2065D00584EFC /* FirstViewController.xib in Resources */,
				7DEF75C923F0AA8100584EFC /* Assets.xcassets in Resources */,
				7DEF75C723F0AA7F00584EFC /* Main.storyboard in Resources */,
				7DEF75F423F2128C00584EFC /* SliderTVC.xib in Resources */,
				7DEF75E523F0C25100584EFC /* MainViewController.xib in Resources */,
			);
			runOnlyForDeploymentPostprocessing = 0;
		};
/* End PBXResourcesBuildPhase section */

/* Begin PBXSourcesBuildPhase section */
		7DEF75B823F0AA7E00584EFC /* Sources */ = {
			isa = PBXSourcesBuildPhase;
			buildActionMask = 2147483647;
			files = (
				7DEF760323F4290800584EFC /* DataConfig.swift in Sources */,
				7DEF75EA23F1E44900584EFC /* UIView.swift in Sources */,
				7DEF760523F4507700584EFC /* UIViewController.swift in Sources */,
				7DEF75D823F0AE1800584EFC /* Assembler.swift in Sources */,
				7DEF75DF23F0B5B100584EFC /* FirstPresenter.swift in Sources */,
				7DEF75FB23F3117100584EFC /* String.swift in Sources */,
				7DEF75E123F0C05800584EFC /* MainPresenter.swift in Sources */,
				7DEF760123F41CFF00584EFC /* UIColor.swift in Sources */,
				7DEF75F623F2B60A00584EFC /* MappedData.swift in Sources */,
				7DEF75DB23F0AF9800584EFC /* Router.swift in Sources */,
				7DEF75FD23F312D900584EFC /* Globals.swift in Sources */,
				7DEF75EF23F2065D00584EFC /* FirstViewController.swift in Sources */,
				7DEF75FF23F3306000584EFC /* SliderHandler.swift in Sources */,
				7DEF75C023F0AA7E00584EFC /* AppDelegate.swift in Sources */,
				7DEF75E423F0C25100584EFC /* MainViewController.swift in Sources */,
				7DEF75C223F0AA7E00584EFC /* SceneDelegate.swift in Sources */,
				7DEF75F323F2128C00584EFC /* SliderTVC.swift in Sources */,
				7DEF75DD23F0B10E00584EFC /* DataModel.swift in Sources */,
			);
			runOnlyForDeploymentPostprocessing = 0;
		};
/* End PBXSourcesBuildPhase section */

/* Begin PBXVariantGroup section */
		7DEF75C523F0AA7F00584EFC /* Main.storyboard */ = {
			isa = PBXVariantGroup;
			children = (
				7DEF75C623F0AA7F00584EFC /* Base */,
			);
			name = Main.storyboard;
			sourceTree = "<group>";
		};
		7DEF75CA23F0AA8100584EFC /* LaunchScreen.storyboard */ = {
			isa = PBXVariantGroup;
			children = (
				7DEF75CB23F0AA8100584EFC /* Base */,
			);
			name = LaunchScreen.storyboard;
			sourceTree = "<group>";
		};
/* End PBXVariantGroup section */

/* Begin XCBuildConfiguration section */
		7DEF75CE23F0AA8100584EFC /* Debug */ = {
			isa = XCBuildConfiguration;
			buildSettings = {
				ALWAYS_SEARCH_USER_PATHS = NO;
				CLANG_ANALYZER_NONNULL = YES;
				CLANG_ANALYZER_NUMBER_OBJECT_CONVERSION = YES_AGGRESSIVE;
				CLANG_CXX_LANGUAGE_STANDARD = "gnu++14";
				CLANG_CXX_LIBRARY = "libc++";
				CLANG_ENABLE_MODULES = YES;
				CLANG_ENABLE_OBJC_ARC = YES;
				CLANG_ENABLE_OBJC_WEAK = YES;
				CLANG_WARN_BLOCK_CAPTURE_AUTORELEASING = YES;
				CLANG_WARN_BOOL_CONVERSION = YES;
				CLANG_WARN_COMMA = YES;
				CLANG_WARN_CONSTANT_CONVERSION = YES;
				CLANG_WARN_DEPRECATED_OBJC_IMPLEMENTATIONS = YES;
				CLANG_WARN_DIRECT_OBJC_ISA_USAGE = YES_ERROR;
				CLANG_WARN_DOCUMENTATION_COMMENTS = YES;
				CLANG_WARN_EMPTY_BODY = YES;
				CLANG_WARN_ENUM_CONVERSION = YES;
				CLANG_WARN_INFINITE_RECURSION = YES;
				CLANG_WARN_INT_CONVERSION = YES;
				CLANG_WARN_NON_LITERAL_NULL_CONVERSION = YES;
				CLANG_WARN_OBJC_IMPLICIT_RETAIN_SELF = YES;
				CLANG_WARN_OBJC_LITERAL_CONVERSION = YES;
				CLANG_WARN_OBJC_ROOT_CLASS = YES_ERROR;
				CLANG_WARN_RANGE_LOOP_ANALYSIS = YES;
				CLANG_WARN_STRICT_PROTOTYPES = YES;
				CLANG_WARN_SUSPICIOUS_MOVE = YES;
				CLANG_WARN_UNGUARDED_AVAILABILITY = YES_AGGRESSIVE;
				CLANG_WARN_UNREACHABLE_CODE = YES;
				CLANG_WARN__DUPLICATE_METHOD_MATCH = YES;
				COPY_PHASE_STRIP = NO;
				DEBUG_INFORMATION_FORMAT = dwarf;
				ENABLE_STRICT_OBJC_MSGSEND = YES;
				ENABLE_TESTABILITY = YES;
				GCC_C_LANGUAGE_STANDARD = gnu11;
				GCC_DYNAMIC_NO_PIC = NO;
				GCC_NO_COMMON_BLOCKS = YES;
				GCC_OPTIMIZATION_LEVEL = 0;
				GCC_PREPROCESSOR_DEFINITIONS = (
					"DEBUG=1",
					"$(inherited)",
				);
				GCC_WARN_64_TO_32_BIT_CONVERSION = YES;
				GCC_WARN_ABOUT_RETURN_TYPE = YES_ERROR;
				GCC_WARN_UNDECLARED_SELECTOR = YES;
				GCC_WARN_UNINITIALIZED_AUTOS = YES_AGGRESSIVE;
				GCC_WARN_UNUSED_FUNCTION = YES;
				GCC_WARN_UNUSED_VARIABLE = YES;
				IPHONEOS_DEPLOYMENT_TARGET = 13.2;
				MTL_ENABLE_DEBUG_INFO = INCLUDE_SOURCE;
				MTL_FAST_MATH = YES;
				ONLY_ACTIVE_ARCH = YES;
				SDKROOT = iphoneos;
				SWIFT_ACTIVE_COMPILATION_CONDITIONS = DEBUG;
				SWIFT_OPTIMIZATION_LEVEL = "-Onone";
			};
			name = Debug;
		};
		7DEF75CF23F0AA8100584EFC /* Release */ = {
			isa = XCBuildConfiguration;
			buildSettings = {
				ALWAYS_SEARCH_USER_PATHS = NO;
				CLANG_ANALYZER_NONNULL = YES;
				CLANG_ANALYZER_NUMBER_OBJECT_CONVERSION = YES_AGGRESSIVE;
				CLANG_CXX_LANGUAGE_STANDARD = "gnu++14";
				CLANG_CXX_LIBRARY = "libc++";
				CLANG_ENABLE_MODULES = YES;
				CLANG_ENABLE_OBJC_ARC = YES;
				CLANG_ENABLE_OBJC_WEAK = YES;
				CLANG_WARN_BLOCK_CAPTURE_AUTORELEASING = YES;
				CLANG_WARN_BOOL_CONVERSION = YES;
				CLANG_WARN_COMMA = YES;
				CLANG_WARN_CONSTANT_CONVERSION = YES;
				CLANG_WARN_DEPRECATED_OBJC_IMPLEMENTATIONS = YES;
				CLANG_WARN_DIRECT_OBJC_ISA_USAGE = YES_ERROR;
				CLANG_WARN_DOCUMENTATION_COMMENTS = YES;
				CLANG_WARN_EMPTY_BODY = YES;
				CLANG_WARN_ENUM_CONVERSION = YES;
				CLANG_WARN_INFINITE_RECURSION = YES;
				CLANG_WARN_INT_CONVERSION = YES;
				CLANG_WARN_NON_LITERAL_NULL_CONVERSION = YES;
				CLANG_WARN_OBJC_IMPLICIT_RETAIN_SELF = YES;
				CLANG_WARN_OBJC_LITERAL_CONVERSION = YES;
				CLANG_WARN_OBJC_ROOT_CLASS = YES_ERROR;
				CLANG_WARN_RANGE_LOOP_ANALYSIS = YES;
				CLANG_WARN_STRICT_PROTOTYPES = YES;
				CLANG_WARN_SUSPICIOUS_MOVE = YES;
				CLANG_WARN_UNGUARDED_AVAILABILITY = YES_AGGRESSIVE;
				CLANG_WARN_UNREACHABLE_CODE = YES;
				CLANG_WARN__DUPLICATE_METHOD_MATCH = YES;
				COPY_PHASE_STRIP = NO;
				DEBUG_INFORMATION_FORMAT = "dwarf-with-dsym";
				ENABLE_NS_ASSERTIONS = NO;
				ENABLE_STRICT_OBJC_MSGSEND = YES;
				GCC_C_LANGUAGE_STANDARD = gnu11;
				GCC_NO_COMMON_BLOCKS = YES;
				GCC_WARN_64_TO_32_BIT_CONVERSION = YES;
				GCC_WARN_ABOUT_RETURN_TYPE = YES_ERROR;
				GCC_WARN_UNDECLARED_SELECTOR = YES;
				GCC_WARN_UNINITIALIZED_AUTOS = YES_AGGRESSIVE;
				GCC_WARN_UNUSED_FUNCTION = YES;
				GCC_WARN_UNUSED_VARIABLE = YES;
				IPHONEOS_DEPLOYMENT_TARGET = 13.2;
				MTL_ENABLE_DEBUG_INFO = NO;
				MTL_FAST_MATH = YES;
				SDKROOT = iphoneos;
				SWIFT_COMPILATION_MODE = wholemodule;
				SWIFT_OPTIMIZATION_LEVEL = "-O";
				VALIDATE_PRODUCT = YES;
			};
			name = Release;
		};
		7DEF75D123F0AA8100584EFC /* Debug */ = {
			isa = XCBuildConfiguration;
			buildSettings = {
				ASSETCATALOG_COMPILER_APPICON_NAME = AppIcon;
				CODE_SIGN_STYLE = Automatic;
				DEVELOPMENT_TEAM = 2GV9HU2JH8;
				INFOPLIST_FILE = IceCreamTest/Info.plist;
				LD_RUNPATH_SEARCH_PATHS = (
					"$(inherited)",
					"@executable_path/Frameworks",
				);
				PRODUCT_BUNDLE_IDENTIFIER = akupriia.IceCreamTest;
				PRODUCT_NAME = "$(TARGET_NAME)";
				SWIFT_VERSION = 5.0;
				TARGETED_DEVICE_FAMILY = "1,2";
			};
			name = Debug;
		};
		7DEF75D223F0AA8100584EFC /* Release */ = {
			isa = XCBuildConfiguration;
			buildSettings = {
				ASSETCATALOG_COMPILER_APPICON_NAME = AppIcon;
				CODE_SIGN_STYLE = Automatic;
				DEVELOPMENT_TEAM = 2GV9HU2JH8;
				INFOPLIST_FILE = IceCreamTest/Info.plist;
				LD_RUNPATH_SEARCH_PATHS = (
					"$(inherited)",
					"@executable_path/Frameworks",
				);
				PRODUCT_BUNDLE_IDENTIFIER = akupriia.IceCreamTest;
				PRODUCT_NAME = "$(TARGET_NAME)";
				SWIFT_VERSION = 5.0;
				TARGETED_DEVICE_FAMILY = "1,2";
			};
			name = Release;
		};
/* End XCBuildConfiguration section */

/* Begin XCConfigurationList section */
		7DEF75B723F0AA7E00584EFC /* Build configuration list for PBXProject "IceCreamTest" */ = {
			isa = XCConfigurationList;
			buildConfigurations = (
				7DEF75CE23F0AA8100584EFC /* Debug */,
				7DEF75CF23F0AA8100584EFC /* Release */,
			);
			defaultConfigurationIsVisible = 0;
			defaultConfigurationName = Release;
		};
		7DEF75D023F0AA8100584EFC /* Build configuration list for PBXNativeTarget "IceCreamTest" */ = {
			isa = XCConfigurationList;
			buildConfigurations = (
				7DEF75D123F0AA8100584EFC /* Debug */,
				7DEF75D223F0AA8100584EFC /* Release */,
			);
			defaultConfigurationIsVisible = 0;
			defaultConfigurationName = Release;
		};
/* End XCConfigurationList section */
	};
	rootObject = 7DEF75B423F0AA7E00584EFC /* Project object */;
}
